// !$*UTF8*$!
{
	archiveVersion = 1;
	classes = {
	};
	objectVersion = 46;
	objects = {

/* Begin PBXBuildFile section */
		CF4B45861D5A05570012A734 /* main.m in Sources */ = {isa = PBXBuildFile; fileRef = CF4B45851D5A05570012A734 /* main.m */; };
		CF4B45891D5A05570012A734 /* AppDelegate.m in Sources */ = {isa = PBXBuildFile; fileRef = CF4B45881D5A05570012A734 /* AppDelegate.m */; };
		CF4B458C1D5A05570012A734 /* ViewController.m in Sources */ = {isa = PBXBuildFile; fileRef = CF4B458B1D5A05570012A734 /* ViewController.m */; };
		CF4B45E61D5A06080012A734 /* AFHTTPSessionManager.m in Sources */ = {isa = PBXBuildFile; fileRef = CF4B459D1D5A06070012A734 /* AFHTTPSessionManager.m */; };
		CF4B45E71D5A06080012A734 /* AFNetworkReachabilityManager.m in Sources */ = {isa = PBXBuildFile; fileRef = CF4B45A01D5A06070012A734 /* AFNetworkReachabilityManager.m */; };
		CF4B45E81D5A06080012A734 /* AFSecurityPolicy.m in Sources */ = {isa = PBXBuildFile; fileRef = CF4B45A21D5A06070012A734 /* AFSecurityPolicy.m */; };
		CF4B45E91D5A06080012A734 /* AFURLRequestSerialization.m in Sources */ = {isa = PBXBuildFile; fileRef = CF4B45A41D5A06070012A734 /* AFURLRequestSerialization.m */; };
		CF4B45EA1D5A06080012A734 /* AFURLResponseSerialization.m in Sources */ = {isa = PBXBuildFile; fileRef = CF4B45A61D5A06070012A734 /* AFURLResponseSerialization.m */; };
		CF4B45EB1D5A06080012A734 /* AFURLSessionManager.m in Sources */ = {isa = PBXBuildFile; fileRef = CF4B45A81D5A06070012A734 /* AFURLSessionManager.m */; };
		CF4B45EC1D5A06080012A734 /* AFAutoPurgingImageCache.m in Sources */ = {isa = PBXBuildFile; fileRef = CF4B45AB1D5A06070012A734 /* AFAutoPurgingImageCache.m */; };
		CF4B45ED1D5A06080012A734 /* AFImageDownloader.m in Sources */ = {isa = PBXBuildFile; fileRef = CF4B45AD1D5A06070012A734 /* AFImageDownloader.m */; };
		CF4B45EE1D5A06080012A734 /* AFNetworkActivityIndicatorManager.m in Sources */ = {isa = PBXBuildFile; fileRef = CF4B45AF1D5A06070012A734 /* AFNetworkActivityIndicatorManager.m */; };
		CF4B45EF1D5A06080012A734 /* UIActivityIndicatorView+AFNetworking.m in Sources */ = {isa = PBXBuildFile; fileRef = CF4B45B11D5A06070012A734 /* UIActivityIndicatorView+AFNetworking.m */; };
		CF4B45F01D5A06080012A734 /* UIButton+AFNetworking.m in Sources */ = {isa = PBXBuildFile; fileRef = CF4B45B31D5A06070012A734 /* UIButton+AFNetworking.m */; };
		CF4B45F11D5A06080012A734 /* UIImageView+AFNetworking.m in Sources */ = {isa = PBXBuildFile; fileRef = CF4B45B61D5A06070012A734 /* UIImageView+AFNetworking.m */; };
		CF4B45F21D5A06080012A734 /* UIProgressView+AFNetworking.m in Sources */ = {isa = PBXBuildFile; fileRef = CF4B45B91D5A06070012A734 /* UIProgressView+AFNetworking.m */; };
		CF4B45F31D5A06080012A734 /* UIRefreshControl+AFNetworking.m in Sources */ = {isa = PBXBuildFile; fileRef = CF4B45BB1D5A06070012A734 /* UIRefreshControl+AFNetworking.m */; };
		CF4B45F41D5A06080012A734 /* UIWebView+AFNetworking.m in Sources */ = {isa = PBXBuildFile; fileRef = CF4B45BD1D5A06070012A734 /* UIWebView+AFNetworking.m */; };
		CF4B45F51D5A06080012A734 /* LaunchScreen.storyboard in Resources */ = {isa = PBXBuildFile; fileRef = CF4B45CC1D5A06070012A734 /* LaunchScreen.storyboard */; };
		CF4B45F61D5A06080012A734 /* Main.storyboard in Resources */ = {isa = PBXBuildFile; fileRef = CF4B45CD1D5A06070012A734 /* Main.storyboard */; };
		CF4B45F71D5A06080012A734 /* BasketViewController.m in Sources */ = {isa = PBXBuildFile; fileRef = CF4B45CE1D5A06070012A734 /* BasketViewController.m */; };
		CF4B45F81D5A06080012A734 /* Categories.m in Sources */ = {isa = PBXBuildFile; fileRef = CF4B45CF1D5A06070012A734 /* Categories.m */; };
		CF4B45F91D5A06080012A734 /* CategoriesViewController.m in Sources */ = {isa = PBXBuildFile; fileRef = CF4B45D01D5A06070012A734 /* CategoriesViewController.m */; };
		CF4B45FA1D5A06080012A734 /* CheckOutViewController.m in Sources */ = {isa = PBXBuildFile; fileRef = CF4B45D11D5A06070012A734 /* CheckOutViewController.m */; };
		CF4B45FB1D5A06080012A734 /* DejalActivityView.m in Sources */ = {isa = PBXBuildFile; fileRef = CF4B45D21D5A06070012A734 /* DejalActivityView.m */; };
		CF4B45FC1D5A06080012A734 /* GlobalVariables.m in Sources */ = {isa = PBXBuildFile; fileRef = CF4B45D31D5A06070012A734 /* GlobalVariables.m */; };
		CF4B45FD1D5A06080012A734 /* ItemDescriptionViewController.m in Sources */ = {isa = PBXBuildFile; fileRef = CF4B45D41D5A06080012A734 /* ItemDescriptionViewController.m */; };
		CF4B45FE1D5A06080012A734 /* MenuItems.m in Sources */ = {isa = PBXBuildFile; fileRef = CF4B45D51D5A06080012A734 /* MenuItems.m */; };
		CF4B45FF1D5A06080012A734 /* MenuItemsViewController.m in Sources */ = {isa = PBXBuildFile; fileRef = CF4B45D61D5A06080012A734 /* MenuItemsViewController.m */; };
		CF4B46001D5A06080012A734 /* MyTableViewCell.m in Sources */ = {isa = PBXBuildFile; fileRef = CF4B45D71D5A06080012A734 /* MyTableViewCell.m */; };
		CF4B46011D5A06080012A734 /* OrderCell.m in Sources */ = {isa = PBXBuildFile; fileRef = CF4B45D81D5A06080012A734 /* OrderCell.m */; };
		CF4B46021D5A06080012A734 /* SWRevealViewController.m in Sources */ = {isa = PBXBuildFile; fileRef = CF4B45D91D5A06080012A734 /* SWRevealViewController.m */; };
		CF4B46031D5A06080012A734 /* ThankYouViewController.m in Sources */ = {isa = PBXBuildFile; fileRef = CF4B45DA1D5A06080012A734 /* ThankYouViewController.m */; };
		CF4B46041D5A06080012A734 /* UIView+Toast.m in Sources */ = {isa = PBXBuildFile; fileRef = CF4B45DB1D5A06080012A734 /* UIView+Toast.m */; };
		CF4B46051D5A06080012A734 /* bask.png in Resources */ = {isa = PBXBuildFile; fileRef = CF4B45DC1D5A06080012A734 /* bask.png */; };
		CF4B46061D5A06080012A734 /* menu-icon.png in Resources */ = {isa = PBXBuildFile; fileRef = CF4B45DD1D5A06080012A734 /* menu-icon.png */; };
		CF4B46071D5A06080012A734 /* MyTableCell.xib in Resources */ = {isa = PBXBuildFile; fileRef = CF4B45DE1D5A06080012A734 /* MyTableCell.xib */; };
		CF4B46081D5A06080012A734 /* OrderCell.xib in Resources */ = {isa = PBXBuildFile; fileRef = CF4B45DF1D5A06080012A734 /* OrderCell.xib */; };
		CF4B46091D5A06080012A734 /* basket.png in Resources */ = {isa = PBXBuildFile; fileRef = CF4B45E01D5A06080012A734 /* basket.png */; };
		CF4B460A1D5A06080012A734 /* basket@2x.png in Resources */ = {isa = PBXBuildFile; fileRef = CF4B45E11D5A06080012A734 /* basket@2x.png */; };
		CF4B460B1D5A06080012A734 /* Default@2x.png in Resources */ = {isa = PBXBuildFile; fileRef = CF4B45E21D5A06080012A734 /* Default@2x.png */; };
		CF4B460C1D5A06080012A734 /* Delete.png in Resources */ = {isa = PBXBuildFile; fileRef = CF4B45E31D5A06080012A734 /* Delete.png */; };
		CF4B460D1D5A06080012A734 /* Display.png in Resources */ = {isa = PBXBuildFile; fileRef = CF4B45E41D5A06080012A734 /* Display.png */; };
		CF4B460E1D5A06080012A734 /* headerImage.png in Resources */ = {isa = PBXBuildFile; fileRef = CF4B45E51D5A06080012A734 /* headerImage.png */; };
		CF4B46101D5A06250012A734 /* Assets.xcassets in Resources */ = {isa = PBXBuildFile; fileRef = CF4B460F1D5A06250012A734 /* Assets.xcassets */; };
/* End PBXBuildFile section */

/* Begin PBXFileReference section */
		CF4B45811D5A05570012A734 /* Kababjee'sProject.app */ = {isa = PBXFileReference; explicitFileType = wrapper.application; includeInIndex = 0; path = "Kababjee'sProject.app"; sourceTree = BUILT_PRODUCTS_DIR; };
		CF4B45851D5A05570012A734 /* main.m */ = {isa = PBXFileReference; lastKnownFileType = sourcecode.c.objc; path = main.m; sourceTree = "<group>"; };
		CF4B45871D5A05570012A734 /* AppDelegate.h */ = {isa = PBXFileReference; lastKnownFileType = sourcecode.c.h; path = AppDelegate.h; sourceTree = "<group>"; };
		CF4B45881D5A05570012A734 /* AppDelegate.m */ = {isa = PBXFileReference; lastKnownFileType = sourcecode.c.objc; path = AppDelegate.m; sourceTree = "<group>"; };
		CF4B458A1D5A05570012A734 /* ViewController.h */ = {isa = PBXFileReference; lastKnownFileType = sourcecode.c.h; path = ViewController.h; sourceTree = "<group>"; };
		CF4B458B1D5A05570012A734 /* ViewController.m */ = {isa = PBXFileReference; lastKnownFileType = sourcecode.c.objc; path = ViewController.m; sourceTree = "<group>"; };
		CF4B45951D5A05570012A734 /* Info.plist */ = {isa = PBXFileReference; lastKnownFileType = text.plist.xml; path = Info.plist; sourceTree = "<group>"; };
		CF4B459C1D5A06070012A734 /* AFHTTPSessionManager.h */ = {isa = PBXFileReference; fileEncoding = 4; lastKnownFileType = sourcecode.c.h; path = AFHTTPSessionManager.h; sourceTree = "<group>"; };
		CF4B459D1D5A06070012A734 /* AFHTTPSessionManager.m */ = {isa = PBXFileReference; fileEncoding = 4; lastKnownFileType = sourcecode.c.objc; path = AFHTTPSessionManager.m; sourceTree = "<group>"; };
		CF4B459E1D5A06070012A734 /* AFNetworking.h */ = {isa = PBXFileReference; fileEncoding = 4; lastKnownFileType = sourcecode.c.h; path = AFNetworking.h; sourceTree = "<group>"; };
		CF4B459F1D5A06070012A734 /* AFNetworkReachabilityManager.h */ = {isa = PBXFileReference; fileEncoding = 4; lastKnownFileType = sourcecode.c.h; path = AFNetworkReachabilityManager.h; sourceTree = "<group>"; };
		CF4B45A01D5A06070012A734 /* AFNetworkReachabilityManager.m */ = {isa = PBXFileReference; fileEncoding = 4; lastKnownFileType = sourcecode.c.objc; path = AFNetworkReachabilityManager.m; sourceTree = "<group>"; };
		CF4B45A11D5A06070012A734 /* AFSecurityPolicy.h */ = {isa = PBXFileReference; fileEncoding = 4; lastKnownFileType = sourcecode.c.h; path = AFSecurityPolicy.h; sourceTree = "<group>"; };
		CF4B45A21D5A06070012A734 /* AFSecurityPolicy.m */ = {isa = PBXFileReference; fileEncoding = 4; lastKnownFileType = sourcecode.c.objc; path = AFSecurityPolicy.m; sourceTree = "<group>"; };
		CF4B45A31D5A06070012A734 /* AFURLRequestSerialization.h */ = {isa = PBXFileReference; fileEncoding = 4; lastKnownFileType = sourcecode.c.h; path = AFURLRequestSerialization.h; sourceTree = "<group>"; };
		CF4B45A41D5A06070012A734 /* AFURLRequestSerialization.m */ = {isa = PBXFileReference; fileEncoding = 4; lastKnownFileType = sourcecode.c.objc; path = AFURLRequestSerialization.m; sourceTree = "<group>"; };
		CF4B45A51D5A06070012A734 /* AFURLResponseSerialization.h */ = {isa = PBXFileReference; fileEncoding = 4; lastKnownFileType = sourcecode.c.h; path = AFURLResponseSerialization.h; sourceTree = "<group>"; };
		CF4B45A61D5A06070012A734 /* AFURLResponseSerialization.m */ = {isa = PBXFileReference; fileEncoding = 4; lastKnownFileType = sourcecode.c.objc; path = AFURLResponseSerialization.m; sourceTree = "<group>"; };
		CF4B45A71D5A06070012A734 /* AFURLSessionManager.h */ = {isa = PBXFileReference; fileEncoding = 4; lastKnownFileType = sourcecode.c.h; path = AFURLSessionManager.h; sourceTree = "<group>"; };
		CF4B45A81D5A06070012A734 /* AFURLSessionManager.m */ = {isa = PBXFileReference; fileEncoding = 4; lastKnownFileType = sourcecode.c.objc; path = AFURLSessionManager.m; sourceTree = "<group>"; };
		CF4B45AA1D5A06070012A734 /* AFAutoPurgingImageCache.h */ = {isa = PBXFileReference; fileEncoding = 4; lastKnownFileType = sourcecode.c.h; path = AFAutoPurgingImageCache.h; sourceTree = "<group>"; };
		CF4B45AB1D5A06070012A734 /* AFAutoPurgingImageCache.m */ = {isa = PBXFileReference; fileEncoding = 4; lastKnownFileType = sourcecode.c.objc; path = AFAutoPurgingImageCache.m; sourceTree = "<group>"; };
		CF4B45AC1D5A06070012A734 /* AFImageDownloader.h */ = {isa = PBXFileReference; fileEncoding = 4; lastKnownFileType = sourcecode.c.h; path = AFImageDownloader.h; sourceTree = "<group>"; };
		CF4B45AD1D5A06070012A734 /* AFImageDownloader.m */ = {isa = PBXFileReference; fileEncoding = 4; lastKnownFileType = sourcecode.c.objc; path = AFImageDownloader.m; sourceTree = "<group>"; };
		CF4B45AE1D5A06070012A734 /* AFNetworkActivityIndicatorManager.h */ = {isa = PBXFileReference; fileEncoding = 4; lastKnownFileType = sourcecode.c.h; path = AFNetworkActivityIndicatorManager.h; sourceTree = "<group>"; };
		CF4B45AF1D5A06070012A734 /* AFNetworkActivityIndicatorManager.m */ = {isa = PBXFileReference; fileEncoding = 4; lastKnownFileType = sourcecode.c.objc; path = AFNetworkActivityIndicatorManager.m; sourceTree = "<group>"; };
		CF4B45B01D5A06070012A734 /* UIActivityIndicatorView+AFNetworking.h */ = {isa = PBXFileReference; fileEncoding = 4; lastKnownFileType = sourcecode.c.h; path = "UIActivityIndicatorView+AFNetworking.h"; sourceTree = "<group>"; };
		CF4B45B11D5A06070012A734 /* UIActivityIndicatorView+AFNetworking.m */ = {isa = PBXFileReference; fileEncoding = 4; lastKnownFileType = sourcecode.c.objc; path = "UIActivityIndicatorView+AFNetworking.m"; sourceTree = "<group>"; };
		CF4B45B21D5A06070012A734 /* UIButton+AFNetworking.h */ = {isa = PBXFileReference; fileEncoding = 4; lastKnownFileType = sourcecode.c.h; path = "UIButton+AFNetworking.h"; sourceTree = "<group>"; };
		CF4B45B31D5A06070012A734 /* UIButton+AFNetworking.m */ = {isa = PBXFileReference; fileEncoding = 4; lastKnownFileType = sourcecode.c.objc; path = "UIButton+AFNetworking.m"; sourceTree = "<group>"; };
		CF4B45B41D5A06070012A734 /* UIImage+AFNetworking.h */ = {isa = PBXFileReference; fileEncoding = 4; lastKnownFileType = sourcecode.c.h; path = "UIImage+AFNetworking.h"; sourceTree = "<group>"; };
		CF4B45B51D5A06070012A734 /* UIImageView+AFNetworking.h */ = {isa = PBXFileReference; fileEncoding = 4; lastKnownFileType = sourcecode.c.h; path = "UIImageView+AFNetworking.h"; sourceTree = "<group>"; };
		CF4B45B61D5A06070012A734 /* UIImageView+AFNetworking.m */ = {isa = PBXFileReference; fileEncoding = 4; lastKnownFileType = sourcecode.c.objc; path = "UIImageView+AFNetworking.m"; sourceTree = "<group>"; };
		CF4B45B71D5A06070012A734 /* UIKit+AFNetworking.h */ = {isa = PBXFileReference; fileEncoding = 4; lastKnownFileType = sourcecode.c.h; path = "UIKit+AFNetworking.h"; sourceTree = "<group>"; };
		CF4B45B81D5A06070012A734 /* UIProgressView+AFNetworking.h */ = {isa = PBXFileReference; fileEncoding = 4; lastKnownFileType = sourcecode.c.h; path = "UIProgressView+AFNetworking.h"; sourceTree = "<group>"; };
		CF4B45B91D5A06070012A734 /* UIProgressView+AFNetworking.m */ = {isa = PBXFileReference; fileEncoding = 4; lastKnownFileType = sourcecode.c.objc; path = "UIProgressView+AFNetworking.m"; sourceTree = "<group>"; };
		CF4B45BA1D5A06070012A734 /* UIRefreshControl+AFNetworking.h */ = {isa = PBXFileReference; fileEncoding = 4; lastKnownFileType = sourcecode.c.h; path = "UIRefreshControl+AFNetworking.h"; sourceTree = "<group>"; };
		CF4B45BB1D5A06070012A734 /* UIRefreshControl+AFNetworking.m */ = {isa = PBXFileReference; fileEncoding = 4; lastKnownFileType = sourcecode.c.objc; path = "UIRefreshControl+AFNetworking.m"; sourceTree = "<group>"; };
		CF4B45BC1D5A06070012A734 /* UIWebView+AFNetworking.h */ = {isa = PBXFileReference; fileEncoding = 4; lastKnownFileType = sourcecode.c.h; path = "UIWebView+AFNetworking.h"; sourceTree = "<group>"; };
		CF4B45BD1D5A06070012A734 /* UIWebView+AFNetworking.m */ = {isa = PBXFileReference; fileEncoding = 4; lastKnownFileType = sourcecode.c.objc; path = "UIWebView+AFNetworking.m"; sourceTree = "<group>"; };
		CF4B45BE1D5A06070012A734 /* BasketViewController.h */ = {isa = PBXFileReference; fileEncoding = 4; lastKnownFileType = sourcecode.c.h; path = BasketViewController.h; sourceTree = "<group>"; };
		CF4B45BF1D5A06070012A734 /* Categories.h */ = {isa = PBXFileReference; fileEncoding = 4; lastKnownFileType = sourcecode.c.h; path = Categories.h; sourceTree = "<group>"; };
		CF4B45C01D5A06070012A734 /* CategoriesViewController.h */ = {isa = PBXFileReference; fileEncoding = 4; lastKnownFileType = sourcecode.c.h; path = CategoriesViewController.h; sourceTree = "<group>"; };
		CF4B45C11D5A06070012A734 /* CheckOutViewController.h */ = {isa = PBXFileReference; fileEncoding = 4; lastKnownFileType = sourcecode.c.h; path = CheckOutViewController.h; sourceTree = "<group>"; };
		CF4B45C21D5A06070012A734 /* DejalActivityView.h */ = {isa = PBXFileReference; fileEncoding = 4; lastKnownFileType = sourcecode.c.h; path = DejalActivityView.h; sourceTree = "<group>"; };
		CF4B45C31D5A06070012A734 /* GlobalVariables.h */ = {isa = PBXFileReference; fileEncoding = 4; lastKnownFileType = sourcecode.c.h; path = GlobalVariables.h; sourceTree = "<group>"; };
		CF4B45C41D5A06070012A734 /* ItemDescriptionViewController.h */ = {isa = PBXFileReference; fileEncoding = 4; lastKnownFileType = sourcecode.c.h; path = ItemDescriptionViewController.h; sourceTree = "<group>"; };
		CF4B45C51D5A06070012A734 /* MenuItems.h */ = {isa = PBXFileReference; fileEncoding = 4; lastKnownFileType = sourcecode.c.h; path = MenuItems.h; sourceTree = "<group>"; };
		CF4B45C61D5A06070012A734 /* MenuItemsViewController.h */ = {isa = PBXFileReference; fileEncoding = 4; lastKnownFileType = sourcecode.c.h; path = MenuItemsViewController.h; sourceTree = "<group>"; };
		CF4B45C71D5A06070012A734 /* MyTableViewCell.h */ = {isa = PBXFileReference; fileEncoding = 4; lastKnownFileType = sourcecode.c.h; path = MyTableViewCell.h; sourceTree = "<group>"; };
		CF4B45C81D5A06070012A734 /* OrderCell.h */ = {isa = PBXFileReference; fileEncoding = 4; lastKnownFileType = sourcecode.c.h; path = OrderCell.h; sourceTree = "<group>"; };
		CF4B45C91D5A06070012A734 /* SWRevealViewController.h */ = {isa = PBXFileReference; fileEncoding = 4; lastKnownFileType = sourcecode.c.h; path = SWRevealViewController.h; sourceTree = "<group>"; };
		CF4B45CA1D5A06070012A734 /* ThankYouViewController.h */ = {isa = PBXFileReference; fileEncoding = 4; lastKnownFileType = sourcecode.c.h; path = ThankYouViewController.h; sourceTree = "<group>"; };
		CF4B45CB1D5A06070012A734 /* UIView+Toast.h */ = {isa = PBXFileReference; fileEncoding = 4; lastKnownFileType = sourcecode.c.h; path = "UIView+Toast.h"; sourceTree = "<group>"; };
		CF4B45CC1D5A06070012A734 /* LaunchScreen.storyboard */ = {isa = PBXFileReference; fileEncoding = 4; lastKnownFileType = file.storyboard; path = LaunchScreen.storyboard; sourceTree = "<group>"; };
		CF4B45CD1D5A06070012A734 /* Main.storyboard */ = {isa = PBXFileReference; fileEncoding = 4; lastKnownFileType = file.storyboard; path = Main.storyboard; sourceTree = "<group>"; };
		CF4B45CE1D5A06070012A734 /* BasketViewController.m */ = {isa = PBXFileReference; fileEncoding = 4; lastKnownFileType = sourcecode.c.objc; path = BasketViewController.m; sourceTree = "<group>"; };
		CF4B45CF1D5A06070012A734 /* Categories.m */ = {isa = PBXFileReference; fileEncoding = 4; lastKnownFileType = sourcecode.c.objc; path = Categories.m; sourceTree = "<group>"; };
		CF4B45D01D5A06070012A734 /* CategoriesViewController.m */ = {isa = PBXFileReference; fileEncoding = 4; lastKnownFileType = sourcecode.c.objc; path = CategoriesViewController.m; sourceTree = "<group>"; };
		CF4B45D11D5A06070012A734 /* CheckOutViewController.m */ = {isa = PBXFileReference; fileEncoding = 4; lastKnownFileType = sourcecode.c.objc; path = CheckOutViewController.m; sourceTree = "<group>"; };
		CF4B45D21D5A06070012A734 /* DejalActivityView.m */ = {isa = PBXFileReference; fileEncoding = 4; lastKnownFileType = sourcecode.c.objc; path = DejalActivityView.m; sourceTree = "<group>"; };
		CF4B45D31D5A06070012A734 /* GlobalVariables.m */ = {isa = PBXFileReference; fileEncoding = 4; lastKnownFileType = sourcecode.c.objc; path = GlobalVariables.m; sourceTree = "<group>"; };
		CF4B45D41D5A06080012A734 /* ItemDescriptionViewController.m */ = {isa = PBXFileReference; fileEncoding = 4; lastKnownFileType = sourcecode.c.objc; path = ItemDescriptionViewController.m; sourceTree = "<group>"; };
		CF4B45D51D5A06080012A734 /* MenuItems.m */ = {isa = PBXFileReference; fileEncoding = 4; lastKnownFileType = sourcecode.c.objc; path = MenuItems.m; sourceTree = "<group>"; };
		CF4B45D61D5A06080012A734 /* MenuItemsViewController.m */ = {isa = PBXFileReference; fileEncoding = 4; lastKnownFileType = sourcecode.c.objc; path = MenuItemsViewController.m; sourceTree = "<group>"; };
		CF4B45D71D5A06080012A734 /* MyTableViewCell.m */ = {isa = PBXFileReference; fileEncoding = 4; lastKnownFileType = sourcecode.c.objc; path = MyTableViewCell.m; sourceTree = "<group>"; };
		CF4B45D81D5A06080012A734 /* OrderCell.m */ = {isa = PBXFileReference; fileEncoding = 4; lastKnownFileType = sourcecode.c.objc; path = OrderCell.m; sourceTree = "<group>"; };
		CF4B45D91D5A06080012A734 /* SWRevealViewController.m */ = {isa = PBXFileReference; fileEncoding = 4; lastKnownFileType = sourcecode.c.objc; path = SWRevealViewController.m; sourceTree = "<group>"; };
		CF4B45DA1D5A06080012A734 /* ThankYouViewController.m */ = {isa = PBXFileReference; fileEncoding = 4; lastKnownFileType = sourcecode.c.objc; path = ThankYouViewController.m; sourceTree = "<group>"; };
		CF4B45DB1D5A06080012A734 /* UIView+Toast.m */ = {isa = PBXFileReference; fileEncoding = 4; lastKnownFileType = sourcecode.c.objc; path = "UIView+Toast.m"; sourceTree = "<group>"; };
		CF4B45DC1D5A06080012A734 /* bask.png */ = {isa = PBXFileReference; lastKnownFileType = image.png; path = bask.png; sourceTree = "<group>"; };
		CF4B45DD1D5A06080012A734 /* menu-icon.png */ = {isa = PBXFileReference; lastKnownFileType = image.png; path = "menu-icon.png"; sourceTree = "<group>"; };
		CF4B45DE1D5A06080012A734 /* MyTableCell.xib */ = {isa = PBXFileReference; fileEncoding = 4; lastKnownFileType = file.xib; path = MyTableCell.xib; sourceTree = "<group>"; };
		CF4B45DF1D5A06080012A734 /* OrderCell.xib */ = {isa = PBXFileReference; fileEncoding = 4; lastKnownFileType = file.xib; path = OrderCell.xib; sourceTree = "<group>"; };
		CF4B45E01D5A06080012A734 /* basket.png */ = {isa = PBXFileReference; lastKnownFileType = image.png; path = basket.png; sourceTree = "<group>"; };
		CF4B45E11D5A06080012A734 /* basket@2x.png */ = {isa = PBXFileReference; lastKnownFileType = image.png; path = "basket@2x.png"; sourceTree = "<group>"; };
		CF4B45E21D5A06080012A734 /* Default@2x.png */ = {isa = PBXFileReference; lastKnownFileType = image.png; path = "Default@2x.png"; sourceTree = "<group>"; };
		CF4B45E31D5A06080012A734 /* Delete.png */ = {isa = PBXFileReference; lastKnownFileType = image.png; path = Delete.png; sourceTree = "<group>"; };
		CF4B45E41D5A06080012A734 /* Display.png */ = {isa = PBXFileReference; lastKnownFileType = image.png; path = Display.png; sourceTree = "<group>"; };
		CF4B45E51D5A06080012A734 /* headerImage.png */ = {isa = PBXFileReference; lastKnownFileType = image.png; path = headerImage.png; sourceTree = "<group>"; };
		CF4B460F1D5A06250012A734 /* Assets.xcassets */ = {isa = PBXFileReference; lastKnownFileType = folder.assetcatalog; path = Assets.xcassets; sourceTree = "<group>"; };
/* End PBXFileReference section */

/* Begin PBXFrameworksBuildPhase section */
		CF4B457E1D5A05570012A734 /* Frameworks */ = {
			isa = PBXFrameworksBuildPhase;
			buildActionMask = 2147483647;
			files = (
			);
			runOnlyForDeploymentPostprocessing = 0;
		};
/* End PBXFrameworksBuildPhase section */

/* Begin PBXGroup section */
		CF4B45781D5A05570012A734 = {
			isa = PBXGroup;
			children = (
				CF4B45831D5A05570012A734 /* Kababjee'sProject */,
				CF4B45821D5A05570012A734 /* Products */,
			);
			sourceTree = "<group>";
		};
		CF4B45821D5A05570012A734 /* Products */ = {
			isa = PBXGroup;
			children = (
				CF4B45811D5A05570012A734 /* Kababjee'sProject.app */,
			);
			name = Products;
			sourceTree = "<group>";
		};
		CF4B45831D5A05570012A734 /* Kababjee'sProject */ = {
			isa = PBXGroup;
			children = (
				CF4B459B1D5A06070012A734 /* AFNetworking */,
				CF4B45CC1D5A06070012A734 /* LaunchScreen.storyboard */,
				CF4B45CD1D5A06070012A734 /* Main.storyboard */,
				CF4B45DC1D5A06080012A734 /* bask.png */,
				CF4B45DD1D5A06080012A734 /* menu-icon.png */,
				CF4B45E01D5A06080012A734 /* basket.png */,
				CF4B45E11D5A06080012A734 /* basket@2x.png */,
				CF4B45E21D5A06080012A734 /* Default@2x.png */,
				CF4B45E31D5A06080012A734 /* Delete.png */,
				CF4B45E41D5A06080012A734 /* Display.png */,
				CF4B45E51D5A06080012A734 /* headerImage.png */,
				CF4B45871D5A05570012A734 /* AppDelegate.h */,
				CF4B45881D5A05570012A734 /* AppDelegate.m */,
				CF4B458A1D5A05570012A734 /* ViewController.h */,
				CF4B458B1D5A05570012A734 /* ViewController.m */,
				CF4B45951D5A05570012A734 /* Info.plist */,
				CF4B460F1D5A06250012A734 /* Assets.xcassets */,
				CF4B45841D5A05570012A734 /* Supporting Files */,
			);
			path = "Kababjee'sProject";
			sourceTree = "<group>";
		};
		CF4B45841D5A05570012A734 /* Supporting Files */ = {
			isa = PBXGroup;
			children = (
				CF4B45BE1D5A06070012A734 /* BasketViewController.h */,
				CF4B45BF1D5A06070012A734 /* Categories.h */,
				CF4B45C01D5A06070012A734 /* CategoriesViewController.h */,
				CF4B45C11D5A06070012A734 /* CheckOutViewController.h */,
				CF4B45C21D5A06070012A734 /* DejalActivityView.h */,
				CF4B45C31D5A06070012A734 /* GlobalVariables.h */,
				CF4B45C41D5A06070012A734 /* ItemDescriptionViewController.h */,
				CF4B45C51D5A06070012A734 /* MenuItems.h */,
				CF4B45C61D5A06070012A734 /* MenuItemsViewController.h */,
				CF4B45C71D5A06070012A734 /* MyTableViewCell.h */,
				CF4B45C81D5A06070012A734 /* OrderCell.h */,
				CF4B45C91D5A06070012A734 /* SWRevealViewController.h */,
				CF4B45CA1D5A06070012A734 /* ThankYouViewController.h */,
				CF4B45CB1D5A06070012A734 /* UIView+Toast.h */,
				CF4B45CE1D5A06070012A734 /* BasketViewController.m */,
				CF4B45CF1D5A06070012A734 /* Categories.m */,
				CF4B45D01D5A06070012A734 /* CategoriesViewController.m */,
				CF4B45D11D5A06070012A734 /* CheckOutViewController.m */,
				CF4B45D21D5A06070012A734 /* DejalActivityView.m */,
				CF4B45D31D5A06070012A734 /* GlobalVariables.m */,
				CF4B45D41D5A06080012A734 /* ItemDescriptionViewController.m */,
				CF4B45D51D5A06080012A734 /* MenuItems.m */,
				CF4B45D61D5A06080012A734 /* MenuItemsViewController.m */,
				CF4B45D71D5A06080012A734 /* MyTableViewCell.m */,
				CF4B45D81D5A06080012A734 /* OrderCell.m */,
				CF4B45D91D5A06080012A734 /* SWRevealViewController.m */,
				CF4B45DA1D5A06080012A734 /* ThankYouViewController.m */,
				CF4B45DB1D5A06080012A734 /* UIView+Toast.m */,
				CF4B45DE1D5A06080012A734 /* MyTableCell.xib */,
				CF4B45DF1D5A06080012A734 /* OrderCell.xib */,
				CF4B45851D5A05570012A734 /* main.m */,
			);
			name = "Supporting Files";
			sourceTree = "<group>";
		};
		CF4B459B1D5A06070012A734 /* AFNetworking */ = {
			isa = PBXGroup;
			children = (
				CF4B459C1D5A06070012A734 /* AFHTTPSessionManager.h */,
				CF4B459D1D5A06070012A734 /* AFHTTPSessionManager.m */,
				CF4B459E1D5A06070012A734 /* AFNetworking.h */,
				CF4B459F1D5A06070012A734 /* AFNetworkReachabilityManager.h */,
				CF4B45A01D5A06070012A734 /* AFNetworkReachabilityManager.m */,
				CF4B45A11D5A06070012A734 /* AFSecurityPolicy.h */,
				CF4B45A21D5A06070012A734 /* AFSecurityPolicy.m */,
				CF4B45A31D5A06070012A734 /* AFURLRequestSerialization.h */,
				CF4B45A41D5A06070012A734 /* AFURLRequestSerialization.m */,
				CF4B45A51D5A06070012A734 /* AFURLResponseSerialization.h */,
				CF4B45A61D5A06070012A734 /* AFURLResponseSerialization.m */,
				CF4B45A71D5A06070012A734 /* AFURLSessionManager.h */,
				CF4B45A81D5A06070012A734 /* AFURLSessionManager.m */,
				CF4B45A91D5A06070012A734 /* UIKit+AFNetworking */,
			);
			path = AFNetworking;
			sourceTree = "<group>";
		};
		CF4B45A91D5A06070012A734 /* UIKit+AFNetworking */ = {
			isa = PBXGroup;
			children = (
				CF4B45AA1D5A06070012A734 /* AFAutoPurgingImageCache.h */,
				CF4B45AB1D5A06070012A734 /* AFAutoPurgingImageCache.m */,
				CF4B45AC1D5A06070012A734 /* AFImageDownloader.h */,
				CF4B45AD1D5A06070012A734 /* AFImageDownloader.m */,
				CF4B45AE1D5A06070012A734 /* AFNetworkActivityIndicatorManager.h */,
				CF4B45AF1D5A06070012A734 /* AFNetworkActivityIndicatorManager.m */,
				CF4B45B01D5A06070012A734 /* UIActivityIndicatorView+AFNetworking.h */,
				CF4B45B11D5A06070012A734 /* UIActivityIndicatorView+AFNetworking.m */,
				CF4B45B21D5A06070012A734 /* UIButton+AFNetworking.h */,
				CF4B45B31D5A06070012A734 /* UIButton+AFNetworking.m */,
				CF4B45B41D5A06070012A734 /* UIImage+AFNetworking.h */,
				CF4B45B51D5A06070012A734 /* UIImageView+AFNetworking.h */,
				CF4B45B61D5A06070012A734 /* UIImageView+AFNetworking.m */,
				CF4B45B71D5A06070012A734 /* UIKit+AFNetworking.h */,
				CF4B45B81D5A06070012A734 /* UIProgressView+AFNetworking.h */,
				CF4B45B91D5A06070012A734 /* UIProgressView+AFNetworking.m */,
				CF4B45BA1D5A06070012A734 /* UIRefreshControl+AFNetworking.h */,
				CF4B45BB1D5A06070012A734 /* UIRefreshControl+AFNetworking.m */,
				CF4B45BC1D5A06070012A734 /* UIWebView+AFNetworking.h */,
				CF4B45BD1D5A06070012A734 /* UIWebView+AFNetworking.m */,
			);
			path = "UIKit+AFNetworking";
			sourceTree = "<group>";
		};
/* End PBXGroup section */

/* Begin PBXNativeTarget section */
		CF4B45801D5A05570012A734 /* Kababjee'sProject */ = {
			isa = PBXNativeTarget;
			buildConfigurationList = CF4B45981D5A05570012A734 /* Build configuration list for PBXNativeTarget "Kababjee'sProject" */;
			buildPhases = (
				CF4B457D1D5A05570012A734 /* Sources */,
				CF4B457E1D5A05570012A734 /* Frameworks */,
				CF4B457F1D5A05570012A734 /* Resources */,
			);
			buildRules = (
			);
			dependencies = (
			);
			name = "Kababjee'sProject";
			productName = "Kababjee'sProject";
			productReference = CF4B45811D5A05570012A734 /* Kababjee'sProject.app */;
			productType = "com.apple.product-type.application";
		};
/* End PBXNativeTarget section */

/* Begin PBXProject section */
		CF4B45791D5A05570012A734 /* Project object */ = {
			isa = PBXProject;
			attributes = {
				LastUpgradeCheck = 0720;
				ORGANIZATIONNAME = attribe;
				TargetAttributes = {
					CF4B45801D5A05570012A734 = {
						CreatedOnToolsVersion = 7.2.1;
					};
				};
			};
			buildConfigurationList = CF4B457C1D5A05570012A734 /* Build configuration list for PBXProject "Kababjee'sProject" */;
			compatibilityVersion = "Xcode 3.2";
			developmentRegion = English;
			hasScannedForEncodings = 0;
			knownRegions = (
				en,
				Base,
			);
			mainGroup = CF4B45781D5A05570012A734;
			productRefGroup = CF4B45821D5A05570012A734 /* Products */;
			projectDirPath = "";
			projectRoot = "";
			targets = (
				CF4B45801D5A05570012A734 /* Kababjee'sProject */,
			);
		};
/* End PBXProject section */

/* Begin PBXResourcesBuildPhase section */
		CF4B457F1D5A05570012A734 /* Resources */ = {
			isa = PBXResourcesBuildPhase;
			buildActionMask = 2147483647;
			files = (
				CF4B46081D5A06080012A734 /* OrderCell.xib in Resources */,
				CF4B46051D5A06080012A734 /* bask.png in Resources */,
				CF4B460B1D5A06080012A734 /* Default@2x.png in Resources */,
				CF4B45F61D5A06080012A734 /* Main.storyboard in Resources */,
				CF4B460E1D5A06080012A734 /* headerImage.png in Resources */,
				CF4B46071D5A06080012A734 /* MyTableCell.xib in Resources */,
				CF4B46101D5A06250012A734 /* Assets.xcassets in Resources */,
				CF4B460C1D5A06080012A734 /* Delete.png in Resources */,
				CF4B45F51D5A06080012A734 /* LaunchScreen.storyboard in Resources */,
				CF4B460D1D5A06080012A734 /* Display.png in Resources */,
				CF4B46061D5A06080012A734 /* menu-icon.png in Resources */,
				CF4B46091D5A06080012A734 /* basket.png in Resources */,
				CF4B460A1D5A06080012A734 /* basket@2x.png in Resources */,
			);
			runOnlyForDeploymentPostprocessing = 0;
		};
/* End PBXResourcesBuildPhase section */

/* Begin PBXSourcesBuildPhase section */
		CF4B457D1D5A05570012A734 /* Sources */ = {
			isa = PBXSourcesBuildPhase;
			buildActionMask = 2147483647;
			files = (
				CF4B45F21D5A06080012A734 /* UIProgressView+AFNetworking.m in Sources */,
				CF4B46001D5A06080012A734 /* MyTableViewCell.m in Sources */,
				CF4B45EB1D5A06080012A734 /* AFURLSessionManager.m in Sources */,
				CF4B45F41D5A06080012A734 /* UIWebView+AFNetworking.m in Sources */,
				CF4B45F11D5A06080012A734 /* UIImageView+AFNetworking.m in Sources */,
				CF4B46031D5A06080012A734 /* ThankYouViewController.m in Sources */,
				CF4B45FA1D5A06080012A734 /* CheckOutViewController.m in Sources */,
				CF4B458C1D5A05570012A734 /* ViewController.m in Sources */,
				CF4B45FF1D5A06080012A734 /* MenuItemsViewController.m in Sources */,
				CF4B45FC1D5A06080012A734 /* GlobalVariables.m in Sources */,
				CF4B45F01D5A06080012A734 /* UIButton+AFNetworking.m in Sources */,
				CF4B45891D5A05570012A734 /* AppDelegate.m in Sources */,
				CF4B45E71D5A06080012A734 /* AFNetworkReachabilityManager.m in Sources */,
				CF4B45FB1D5A06080012A734 /* DejalActivityView.m in Sources */,
				CF4B45F31D5A06080012A734 /* UIRefreshControl+AFNetworking.m in Sources */,
				CF4B45F71D5A06080012A734 /* BasketViewController.m in Sources */,
				CF4B45F91D5A06080012A734 /* CategoriesViewController.m in Sources */,
				CF4B45861D5A05570012A734 /* main.m in Sources */,
				CF4B46021D5A06080012A734 /* SWRevealViewController.m in Sources */,
				CF4B45EC1D5A06080012A734 /* AFAutoPurgingImageCache.m in Sources */,
				CF4B45E81D5A06080012A734 /* AFSecurityPolicy.m in Sources */,
				CF4B45F81D5A06080012A734 /* Categories.m in Sources */,
				CF4B45E91D5A06080012A734 /* AFURLRequestSerialization.m in Sources */,
				CF4B45EE1D5A06080012A734 /* AFNetworkActivityIndicatorManager.m in Sources */,
				CF4B46041D5A06080012A734 /* UIView+Toast.m in Sources */,
				CF4B45EA1D5A06080012A734 /* AFURLResponseSerialization.m in Sources */,
				CF4B45E61D5A06080012A734 /* AFHTTPSessionManager.m in Sources */,
				CF4B45FD1D5A06080012A734 /* ItemDescriptionViewController.m in Sources */,
				CF4B46011D5A06080012A734 /* OrderCell.m in Sources */,
				CF4B45ED1D5A06080012A734 /* AFImageDownloader.m in Sources */,
				CF4B45EF1D5A06080012A734 /* UIActivityIndicatorView+AFNetworking.m in Sources */,
				CF4B45FE1D5A06080012A734 /* MenuItems.m in Sources */,
			);
			runOnlyForDeploymentPostprocessing = 0;
		};
/* End PBXSourcesBuildPhase section */

/* Begin XCBuildConfiguration section */
		CF4B45961D5A05570012A734 /* Debug */ = {
			isa = XCBuildConfiguration;
			buildSettings = {
				ALWAYS_SEARCH_USER_PATHS = NO;
				CLANG_CXX_LANGUAGE_STANDARD = "gnu++0x";
				CLANG_CXX_LIBRARY = "libc++";
				CLANG_ENABLE_MODULES = YES;
				CLANG_ENABLE_OBJC_ARC = YES;
				CLANG_WARN_BOOL_CONVERSION = YES;
				CLANG_WARN_CONSTANT_CONVERSION = YES;
				CLANG_WARN_DIRECT_OBJC_ISA_USAGE = YES_ERROR;
				CLANG_WARN_EMPTY_BODY = YES;
				CLANG_WARN_ENUM_CONVERSION = YES;
				CLANG_WARN_INT_CONVERSION = YES;
				CLANG_WARN_OBJC_ROOT_CLASS = YES_ERROR;
				CLANG_WARN_UNREACHABLE_CODE = YES;
				CLANG_WARN__DUPLICATE_METHOD_MATCH = YES;
				"CODE_SIGN_IDENTITY[sdk=iphoneos*]" = "iPhone Developer";
				COPY_PHASE_STRIP = NO;
				DEBUG_INFORMATION_FORMAT = dwarf;
				ENABLE_STRICT_OBJC_MSGSEND = YES;
				ENABLE_TESTABILITY = YES;
				GCC_C_LANGUAGE_STANDARD = gnu99;
				GCC_DYNAMIC_NO_PIC = NO;
				GCC_NO_COMMON_BLOCKS = YES;
				GCC_OPTIMIZATION_LEVEL = 0;
				GCC_PREPROCESSOR_DEFINITIONS = (
					"DEBUG=1",
					"$(inherited)",
				);
				GCC_WARN_64_TO_32_BIT_CONVERSION = YES;
				GCC_WARN_ABOUT_RETURN_TYPE = YES_ERROR;
				GCC_WARN_UNDECLARED_SELECTOR = YES;
				GCC_WARN_UNINITIALIZED_AUTOS = YES_AGGRESSIVE;
				GCC_WARN_UNUSED_FUNCTION = YES;
				GCC_WARN_UNUSED_VARIABLE = YES;
				IPHONEOS_DEPLOYMENT_TARGET = 9.2;
				MTL_ENABLE_DEBUG_INFO = YES;
				ONLY_ACTIVE_ARCH = YES;
				SDKROOT = iphoneos;
			};
			name = Debug;
		};
		CF4B45971D5A05570012A734 /* Release */ = {
			isa = XCBuildConfiguration;
			buildSettings = {
				ALWAYS_SEARCH_USER_PATHS = NO;
				CLANG_CXX_LANGUAGE_STANDARD = "gnu++0x";
				CLANG_CXX_LIBRARY = "libc++";
				CLANG_ENABLE_MODULES = YES;
				CLANG_ENABLE_OBJC_ARC = YES;
				CLANG_WARN_BOOL_CONVERSION = YES;
				CLANG_WARN_CONSTANT_CONVERSION = YES;
				CLANG_WARN_DIRECT_OBJC_ISA_USAGE = YES_ERROR;
				CLANG_WARN_EMPTY_BODY = YES;
				CLANG_WARN_ENUM_CONVERSION = YES;
				CLANG_WARN_INT_CONVERSION = YES;
				CLANG_WARN_OBJC_ROOT_CLASS = YES_ERROR;
				CLANG_WARN_UNREACHABLE_CODE = YES;
				CLANG_WARN__DUPLICATE_METHOD_MATCH = YES;
				"CODE_SIGN_IDENTITY[sdk=iphoneos*]" = "iPhone Developer";
				COPY_PHASE_STRIP = NO;
				DEBUG_INFORMATION_FORMAT = "dwarf-with-dsym";
				ENABLE_NS_ASSERTIONS = NO;
				ENABLE_STRICT_OBJC_MSGSEND = YES;
				GCC_C_LANGUAGE_STANDARD = gnu99;
				GCC_NO_COMMON_BLOCKS = YES;
				GCC_WARN_64_TO_32_BIT_CONVERSION = YES;
				GCC_WARN_ABOUT_RETURN_TYPE = YES_ERROR;
				GCC_WARN_UNDECLARED_SELECTOR = YES;
				GCC_WARN_UNINITIALIZED_AUTOS = YES_AGGRESSIVE;
				GCC_WARN_UNUSED_FUNCTION = YES;
				GCC_WARN_UNUSED_VARIABLE = YES;
				IPHONEOS_DEPLOYMENT_TARGET = 9.2;
				MTL_ENABLE_DEBUG_INFO = NO;
				SDKROOT = iphoneos;
				VALIDATE_PRODUCT = YES;
			};
			name = Release;
		};
		CF4B45991D5A05570012A734 /* Debug */ = {
			isa = XCBuildConfiguration;
			buildSettings = {
				ASSETCATALOG_COMPILER_APPICON_NAME = AppIcon;
				INFOPLIST_FILE = "Kababjee'sProject/Info.plist";
				LD_RUNPATH_SEARCH_PATHS = "$(inherited) @executable_path/Frameworks";
				PRODUCT_BUNDLE_IDENTIFIER = "com.attribe.Kababjee-sProject";
				PRODUCT_NAME = "$(TARGET_NAME)";
				TARGETED_DEVICE_FAMILY = "1,2";
			};
			name = Debug;
		};
		CF4B459A1D5A05570012A734 /* Release */ = {
			isa = XCBuildConfiguration;
			buildSettings = {
				ASSETCATALOG_COMPILER_APPICON_NAME = AppIcon;
				INFOPLIST_FILE = "Kababjee'sProject/Info.plist";
				LD_RUNPATH_SEARCH_PATHS = "$(inherited) @executable_path/Frameworks";
				PRODUCT_BUNDLE_IDENTIFIER = "com.attribe.Kababjee-sProject";
				PRODUCT_NAME = "$(TARGET_NAME)";
				TARGETED_DEVICE_FAMILY = "1,2";
			};
			name = Release;
		};
/* End XCBuildConfiguration section */

/* Begin XCConfigurationList section */
		CF4B457C1D5A05570012A734 /* Build configuration list for PBXProject "Kababjee'sProject" */ = {
			isa = XCConfigurationList;
			buildConfigurations = (
				CF4B45961D5A05570012A734 /* Debug */,
				CF4B45971D5A05570012A734 /* Release */,
			);
			defaultConfigurationIsVisible = 0;
			defaultConfigurationName = Release;
		};
		CF4B45981D5A05570012A734 /* Build configuration list for PBXNativeTarget "Kababjee'sProject" */ = {
			isa = XCConfigurationList;
			buildConfigurations = (
				CF4B45991D5A05570012A734 /* Debug */,
				CF4B459A1D5A05570012A734 /* Release */,
			);
			defaultConfigurationIsVisible = 0;
		};
/* End XCConfigurationList section */
	};
	rootObject = CF4B45791D5A05570012A734 /* Project object */;
}
